
Microsoft Visual Studio Solution File, Format Version 12.00
# Visual Studio Version 17
VisualStudioVersion = 17.7.34031.279
MinimumVisualStudioVersion = 10.0.40219.1
Project("{9A19103F-16F7-4668-BE54-9A1E7A4F7556}") = "StereoGame.Framework", "StereoGame.Framework\StereoGame.Framework.csproj", "{76F7C310-9789-4DA2-925A-1FED0EC3A70D}"
EndProject
Project("{9A19103F-16F7-4668-BE54-9A1E7A4F7556}") = "StereoGameTest", "StereoGameTest\StereoGameTest.csproj", "{29C18291-A0E8-4F3A-B445-5A80B3DEBA20}"
EndProject
Project("{FAE04EC0-301F-11D3-BF4B-00C04F79EFBC}") = "StereoGame.Extended.Gui", "StereoGame.Extended.Gui\StereoGame.Extended.Gui.csproj", "{BDD5433F-0468-4579-994B-6DA9D6EE21E8}"
EndProject
Global
	GlobalSection(SolutionConfigurationPlatforms) = preSolution
		Debug|Any CPU = Debug|Any CPU
		Release|Any CPU = Release|Any CPU
	EndGlobalSection
	GlobalSection(ProjectConfigurationPlatforms) = postSolution
		{76F7C310-9789-4DA2-925A-1FED0EC3A70D}.Debug|Any CPU.ActiveCfg = Debug|Any CPU
		{76F7C310-9789-4DA2-925A-1FED0EC3A70D}.Debug|Any CPU.Build.0 = Debug|Any CPU
		{76F7C310-9789-4DA2-925A-1FED0EC3A70D}.Release|Any CPU.ActiveCfg = Release|Any CPU
		{76F7C310-9789-4DA2-925A-1FED0EC3A70D}.Release|Any CPU.Build.0 = Release|Any CPU
		{29C18291-A0E8-4F3A-B445-5A80B3DEBA20}.Debug|Any CPU.ActiveCfg = Debug|Any CPU
		{29C18291-A0E8-4F3A-B445-5A80B3DEBA20}.Debug|Any CPU.Build.0 = Debug|Any CPU
		{29C18291-A0E8-4F3A-B445-5A80B3DEBA20}.Release|Any CPU.ActiveCfg = Release|Any CPU
		{29C18291-A0E8-4F3A-B445-5A80B3DEBA20}.Release|Any CPU.Build.0 = Release|Any CPU
		{BDD5433F-0468-4579-994B-6DA9D6EE21E8}.Debug|Any CPU.ActiveCfg = Debug|Any CPU
		{BDD5433F-0468-4579-994B-6DA9D6EE21E8}.Debug|Any CPU.Build.0 = Debug|Any CPU
		{BDD5433F-0468-4579-994B-6DA9D6EE21E8}.Release|Any CPU.ActiveCfg = Release|Any CPU
		{BDD5433F-0468-4579-994B-6DA9D6EE21E8}.Release|Any CPU.Build.0 = Release|Any CPU
	EndGlobalSection
	GlobalSection(SolutionProperties) = preSolution
		HideSolutionNode = FALSE
	EndGlobalSection
	GlobalSection(ExtensibilityGlobals) = postSolution
		SolutionGuid = {18928A37-B0CD-4A0B-8CA7-A60EAC1C601E}
	EndGlobalSection
EndGlobal
